
Microsoft Visual Studio Solution File, Format Version 12.00
# Visual Studio Version 16
VisualStudioVersion = 16.0.31613.86
MinimumVisualStudioVersion = 10.0.40219.1
Project("{FAE04EC0-301F-11D3-BF4B-00C04F79EFBC}") = "calculadoraforum", "calculadoraforum\calculadoraforum.csproj", "{A1250E2F-C592-4E53-B5A6-C32CFC9EEACA}"
EndProject
Global
	GlobalSection(SolutionConfigurationPlatforms) = preSolution
		Debug|Any CPU = Debug|Any CPU
		Release|Any CPU = Release|Any CPU
	EndGlobalSection
	GlobalSection(ProjectConfigurationPlatforms) = postSolution
		{A1250E2F-C592-4E53-B5A6-C32CFC9EEACA}.Debug|Any CPU.ActiveCfg = Debug|Any CPU
		{A1250E2F-C592-4E53-B5A6-C32CFC9EEACA}.Debug|Any CPU.Build.0 = Debug|Any CPU
		{A1250E2F-C592-4E53-B5A6-C32CFC9EEACA}.Release|Any CPU.ActiveCfg = Release|Any CPU
		{A1250E2F-C592-4E53-B5A6-C32CFC9EEACA}.Release|Any CPU.Build.0 = Release|Any CPU
	EndGlobalSection
	GlobalSection(SolutionProperties) = preSolution
		HideSolutionNode = FALSE
	EndGlobalSection
	GlobalSection(ExtensibilityGlobals) = postSolution
		SolutionGuid = {3AB7997E-3948-4136-836E-B56F67180B39}
	EndGlobalSection
EndGlobal
